<?xml version="1.0" encoding="utf-8"?>
<Project ToolsVersion="4.0" xmlns="http://schemas.microsoft.com/developer/msbuild/2003">
  <ItemGroup>
    <Filter Include="Header Files">
      <UniqueIdentifier>{93995380-89BD-4b04-88EB-625FBE52EBFB}</UniqueIdentifier>
      <Extensions>h;hpp;hxx;hm;inl;inc;xsd</Extensions>
    </Filter>
    <Filter Include="Resource Files">
      <UniqueIdentifier>{67DA6AB6-F800-4c08-8B7A-83BB121AAD01}</UniqueIdentifier>
      <Extensions>rc;ico;cur;bmp;dlg;rc2;rct;bin;rgs;gif;jpg;jpeg;jpe;resx</Extensions>
    </Filter>
    <Filter Include="Source Files">
      <UniqueIdentifier>{4FC737F1-C7A5-4376-A066-2A32D752A2FF}</UniqueIdentifier>
      <Extensions>cpp;c;cc;cxx;def;odl;idl;hpj;bat;asm;asmx</Extensions>
    </Filter>
  </ItemGroup>
  <ItemGroup>
    <ClInclude Include="include\bresenham.h">
      <Filter>Header Files</Filter>
    </ClInclude>
    <ClInclude Include="include\bresenham.hpp">
      <Filter>Header Files</Filter>
    </ClInclude>
    <ClInclude Include="include\bsp.h">
      <Filter>Header Files</Filter>
    </ClInclude>
    <ClInclude Include="include\bsp.hpp">
      <Filter>Header Files</Filter>
    </ClInclude>
    <ClInclude Include="include\gui\button.hpp">
      <Filter>Header Files</Filter>
    </ClInclude>
    <ClInclude Include="include\color.h">
      <Filter>Header Files</Filter>
    </ClInclude>
    <ClInclude Include="include\color.hpp">
      <Filter>Header Files</Filter>
    </ClInclude>
    <ClInclude Include="include\console.h">
      <Filter>Header Files</Filter>
    </ClInclude>
    <ClInclude Include="include\console.hpp">
      <Filter>Header Files</Filter>
    </ClInclude>
    <ClInclude Include="include\console_types.h">
      <Filter>Header Files</Filter>
    </ClInclude>
    <ClInclude Include="include\gui\container.hpp">
      <Filter>Header Files</Filter>
    </ClInclude>
    <ClInclude Include="src\zlib\crc32.h">
      <Filter>Header Files</Filter>
    </ClInclude>
    <ClInclude Include="src\zlib\deflate.h">
      <Filter>Header Files</Filter>
    </ClInclude>
    <ClInclude Include="include\gui\flatlist.hpp">
      <Filter>Header Files</Filter>
    </ClInclude>
    <ClInclude Include="include\fov.h">
      <Filter>Header Files</Filter>
    </ClInclude>
    <ClInclude Include="include\fov.hpp">
      <Filter>Header Files</Filter>
    </ClInclude>
    <ClInclude Include="include\fov_types.h">
      <Filter>Header Files</Filter>
    </ClInclude>
    <ClInclude Include="include\gui\gui.hpp">
      <Filter>Header Files</Filter>
    </ClInclude>
    <ClInclude Include="src\zlib\gzguts.h">
      <Filter>Header Files</Filter>
    </ClInclude>
    <ClInclude Include="include\gui\hbox.hpp">
      <Filter>Header Files</Filter>
    </ClInclude>
    <ClInclude Include="include\heightmap.h">
      <Filter>Header Files</Filter>
    </ClInclude>
    <ClInclude Include="include\heightmap.hpp">
      <Filter>Header Files</Filter>
    </ClInclude>
    <ClInclude Include="include\howto.hpp">
      <Filter>Header Files</Filter>
    </ClInclude>
    <ClInclude Include="include\image.h">
      <Filter>Header Files</Filter>
    </ClInclude>
    <ClInclude Include="include\image.hpp">
      <Filter>Header Files</Filter>
    </ClInclude>
    <ClInclude Include="include\gui\image.hpp">
      <Filter>Header Files</Filter>
    </ClInclude>
    <ClInclude Include="src\zlib\inffast.h">
      <Filter>Header Files</Filter>
    </ClInclude>
    <ClInclude Include="src\zlib\inffixed.h">
      <Filter>Header Files</Filter>
    </ClInclude>
    <ClInclude Include="src\zlib\inflate.h">
      <Filter>Header Files</Filter>
    </ClInclude>
    <ClInclude Include="src\zlib\inftrees.h">
      <Filter>Header Files</Filter>
    </ClInclude>
    <ClInclude Include="include\gui\label.hpp">
      <Filter>Header Files</Filter>
    </ClInclude>
    <ClInclude Include="include\lex.h">
      <Filter>Header Files</Filter>
    </ClInclude>
    <ClInclude Include="include\lex.hpp">
      <Filter>Header Files</Filter>
    </ClInclude>
    <ClInclude Include="include\libtcod.h">
      <Filter>Header Files</Filter>
    </ClInclude>
    <ClInclude Include="include\libtcod.hpp">
      <Filter>Header Files</Filter>
    </ClInclude>
    <ClInclude Include="include\libtcod_int.h">
      <Filter>Header Files</Filter>
    </ClInclude>
    <ClInclude Include="include\list.h">
      <Filter>Header Files</Filter>
    </ClInclude>
    <ClInclude Include="include\list.hpp">
      <Filter>Header Files</Filter>
    </ClInclude>
    <ClInclude Include="src\png\lodepng.h">
      <Filter>Header Files</Filter>
    </ClInclude>
    <ClInclude Include="include\mersenne.h">
      <Filter>Header Files</Filter>
    </ClInclude>
    <ClInclude Include="include\mersenne.hpp">
      <Filter>Header Files</Filter>
    </ClInclude>
    <ClInclude Include="include\mersenne_types.h">
      <Filter>Header Files</Filter>
    </ClInclude>
    <ClInclude Include="include\mouse.h">
      <Filter>Header Files</Filter>
    </ClInclude>
    <ClInclude Include="include\mouse.hpp">
      <Filter>Header Files</Filter>
    </ClInclude>
    <ClInclude Include="include\mouse_types.h">
      <Filter>Header Files</Filter>
    </ClInclude>
    <ClInclude Include="include\namegen.h">
      <Filter>Header Files</Filter>
    </ClInclude>
    <ClInclude Include="include\namegen.hpp">
      <Filter>Header Files</Filter>
    </ClInclude>
    <ClInclude Include="include\noise.h">
      <Filter>Header Files</Filter>
    </ClInclude>
    <ClInclude Include="include\noise.hpp">
      <Filter>Header Files</Filter>
    </ClInclude>
    <ClInclude Include="include\noise_defaults.h">
      <Filter>Header Files</Filter>
    </ClInclude>
    <ClInclude Include="include\parser.h">
      <Filter>Header Files</Filter>
    </ClInclude>
    <ClInclude Include="include\parser.hpp">
      <Filter>Header Files</Filter>
    </ClInclude>
    <ClInclude Include="include\path.h">
      <Filter>Header Files</Filter>
    </ClInclude>
    <ClInclude Include="include\path.hpp">
      <Filter>Header Files</Filter>
    </ClInclude>
    <ClInclude Include="include\gui\radiobutton.hpp">
      <Filter>Header Files</Filter>
    </ClInclude>
    <ClInclude Include="include\gui\slider.hpp">
      <Filter>Header Files</Filter>
    </ClInclude>
    <ClInclude Include="include\gui\statusbar.hpp">
      <Filter>Header Files</Filter>
    </ClInclude>
    <ClInclude Include="include\sys.h">
      <Filter>Header Files</Filter>
    </ClInclude>
    <ClInclude Include="include\sys.hpp">
      <Filter>Header Files</Filter>
    </ClInclude>
    <ClInclude Include="include\gui\textbox.hpp">
      <Filter>Header Files</Filter>
    </ClInclude>
    <ClInclude Include="include\gui\togglebutton.hpp">
      <Filter>Header Files</Filter>
    </ClInclude>
    <ClInclude Include="include\gui\toolbar.hpp">
      <Filter>Header Files</Filter>
    </ClInclude>
    <ClInclude Include="include\tree.h">
      <Filter>Header Files</Filter>
    </ClInclude>
    <ClInclude Include="include\tree.hpp">
      <Filter>Header Files</Filter>
    </ClInclude>
    <ClInclude Include="src\zlib\trees.h">
      <Filter>Header Files</Filter>
    </ClInclude>
    <ClInclude Include="include\txtfield.h">
      <Filter>Header Files</Filter>
    </ClInclude>
    <ClInclude Include="include\txtfield.hpp">
      <Filter>Header Files</Filter>
    </ClInclude>
    <ClInclude Include="include\gui\vbox.hpp">
      <Filter>Header Files</Filter>
    </ClInclude>
    <ClInclude Include="include\gui\widget.hpp">
      <Filter>Header Files</Filter>
    </ClInclude>
    <ClInclude Include="include\wrappers.h">
      <Filter>Header Files</Filter>
    </ClInclude>
    <ClInclude Include="src\zlib\zconf.h">
      <Filter>Header Files</Filter>
    </ClInclude>
    <ClInclude Include="include\zip.h">
      <Filter>Header Files</Filter>
    </ClInclude>
    <ClInclude Include="include\zip.hpp">
      <Filter>Header Files</Filter>
    </ClInclude>
    <ClInclude Include="src\zlib\zlib.h">
      <Filter>Header Files</Filter>
    </ClInclude>
    <ClInclude Include="src\zlib\zutil.h">
      <Filter>Header Files</Filter>
    </ClInclude>
  </ItemGroup>
  <ItemGroup>
    <ClCompile Include="src\zlib\adler32.c">
      <Filter>Source Files</Filter>
    </ClCompile>
    <ClCompile Include="src\bresenham.cpp">
      <Filter>Source Files</Filter>
    </ClCompile>
    <ClCompile Include="src\bresenham_c.c">
      <Filter>Source Files</Filter>
    </ClCompile>
    <ClCompile Include="src\bsp.cpp">
      <Filter>Source Files</Filter>
    </ClCompile>
    <ClCompile Include="src\bsp_c.c">
      <Filter>Source Files</Filter>
    </ClCompile>
    <ClCompile Include="src\color.cpp">
      <Filter>Source Files</Filter>
    </ClCompile>
    <ClCompile Include="src\color_c.c">
      <Filter>Source Files</Filter>
    </ClCompile>
    <ClCompile Include="src\zlib\compress.c">
      <Filter>Source Files</Filter>
    </ClCompile>
    <ClCompile Include="src\console.cpp">
      <Filter>Source Files</Filter>
    </ClCompile>
    <ClCompile Include="src\console_c.c">
      <Filter>Source Files</Filter>
    </ClCompile>
    <ClCompile Include="src\zlib\crc32.c">
      <Filter>Source Files</Filter>
    </ClCompile>
    <ClCompile Include="src\zlib\deflate.c">
      <Filter>Source Files</Filter>
    </ClCompile>
    <ClCompile Include="src\fov.cpp">
      <Filter>Source Files</Filter>
    </ClCompile>
    <ClCompile Include="src\fov_c.c">
      <Filter>Source Files</Filter>
    </ClCompile>
    <ClCompile Include="src\fov_circular_raycasting.c">
      <Filter>Source Files</Filter>
    </ClCompile>
    <ClCompile Include="src\fov_diamond_raycasting.c">
      <Filter>Source Files</Filter>
    </ClCompile>
    <ClCompile Include="src\fov_permissive2.c">
      <Filter>Source Files</Filter>
    </ClCompile>
    <ClCompile Include="src\fov_recursive_shadowcasting.c">
      <Filter>Source Files</Filter>
    </ClCompile>
    <ClCompile Include="src\fov_restrictive.c">
      <Filter>Source Files</Filter>
    </ClCompile>
    <ClCompile Include="src\zlib\gzclose.c">
      <Filter>Source Files</Filter>
    </ClCompile>
    <ClCompile Include="src\zlib\gzlib.c">
      <Filter>Source Files</Filter>
    </ClCompile>
    <ClCompile Include="src\zlib\gzread.c">
      <Filter>Source Files</Filter>
    </ClCompile>
    <ClCompile Include="src\zlib\gzwrite.c">
      <Filter>Source Files</Filter>
    </ClCompile>
    <ClCompile Include="src\heightmap.cpp">
      <Filter>Source Files</Filter>
    </ClCompile>
    <ClCompile Include="src\heightmap_c.c">
      <Filter>Source Files</Filter>
    </ClCompile>
    <ClCompile Include="src\image.cpp">
      <Filter>Source Files</Filter>
    </ClCompile>
    <ClCompile Include="src\image_c.c">
      <Filter>Source Files</Filter>
    </ClCompile>
    <ClCompile Include="src\zlib\infback.c">
      <Filter>Source Files</Filter>
    </ClCompile>
    <ClCompile Include="src\zlib\inffast.c">
      <Filter>Source Files</Filter>
    </ClCompile>
    <ClCompile Include="src\zlib\inflate.c">
      <Filter>Source Files</Filter>
    </ClCompile>
    <ClCompile Include="src\zlib\inftrees.c">
      <Filter>Source Files</Filter>
    </ClCompile>
    <ClCompile Include="src\lex.cpp">
      <Filter>Source Files</Filter>
    </ClCompile>
    <ClCompile Include="src\lex_c.c">
      <Filter>Source Files</Filter>
    </ClCompile>
    <ClCompile Include="src\list_c.c">
      <Filter>Source Files</Filter>
    </ClCompile>
    <ClCompile Include="src\png\lodepng.c">
      <Filter>Source Files</Filter>
    </ClCompile>
    <ClCompile Include="src\mersenne.cpp">
      <Filter>Source Files</Filter>
    </ClCompile>
    <ClCompile Include="src\mersenne_c.c">
      <Filter>Source Files</Filter>
    </ClCompile>
    <ClCompile Include="src\mouse.cpp">
      <Filter>Source Files</Filter>
    </ClCompile>
    <ClCompile Include="src\namegen.cpp">
      <Filter>Source Files</Filter>
    </ClCompile>
    <ClCompile Include="src\namegen_c.c">
      <Filter>Source Files</Filter>
    </ClCompile>
    <ClCompile Include="src\noise.cpp">
      <Filter>Source Files</Filter>
    </ClCompile>
    <ClCompile Include="src\noise_c.c">
      <Filter>Source Files</Filter>
    </ClCompile>
    <ClCompile Include="src\parser.cpp">
      <Filter>Source Files</Filter>
    </ClCompile>
    <ClCompile Include="src\parser_c.c">
      <Filter>Source Files</Filter>
    </ClCompile>
    <ClCompile Include="src\path.cpp">
      <Filter>Source Files</Filter>
    </ClCompile>
    <ClCompile Include="src\path_c.c">
      <Filter>Source Files</Filter>
    </ClCompile>
    <ClCompile Include="src\sys.cpp">
      <Filter>Source Files</Filter>
    </ClCompile>
    <ClCompile Include="src\sys_c.c">
      <Filter>Source Files</Filter>
    </ClCompile>
    <ClCompile Include="src\sys_opengl_c.c">
      <Filter>Source Files</Filter>
    </ClCompile>
    <ClCompile Include="src\sys_sdl12_c.c">
      <Filter>Source Files</Filter>
    </ClCompile>
    <ClCompile Include="src\sys_sdl_c.c">
      <Filter>Source Files</Filter>
    </ClCompile>
    <ClCompile Include="src\sys_sdl_img_bmp.c">
      <Filter>Source Files</Filter>
    </ClCompile>
    <ClCompile Include="src\sys_sdl_img_png.c">
      <Filter>Source Files</Filter>
    </ClCompile>
    <ClCompile Include="src\tree_c.c">
      <Filter>Source Files</Filter>
    </ClCompile>
    <ClCompile Include="src\zlib\trees.c">
      <Filter>Source Files</Filter>
    </ClCompile>
    <ClCompile Include="src\txtfield.cpp">
      <Filter>Source Files</Filter>
    </ClCompile>
    <ClCompile Include="src\txtfield_c.c">
      <Filter>Source Files</Filter>
    </ClCompile>
    <ClCompile Include="src\zlib\uncompr.c">
      <Filter>Source Files</Filter>
    </ClCompile>
    <ClCompile Include="src\wrappers.c">
      <Filter>Source Files</Filter>
    </ClCompile>
    <ClCompile Include="src\zip.cpp">
      <Filter>Source Files</Filter>
    </ClCompile>
    <ClCompile Include="src\zip_c.c">
      <Filter>Source Files</Filter>
    </ClCompile>
    <ClCompile Include="src\zlib\zutil.c">
      <Filter>Source Files</Filter>
    </ClCompile>
  </ItemGroup>
  <ItemGroup>
    <None Include="doc\html2\bsp.html" />
    <None Include="doc\html2\bsp_init.html" />
    <None Include="doc\html2\bsp_read.html" />
    <None Include="doc\html2\bsp_resize.html" />
    <None Include="doc\html2\bsp_split.html" />
    <None Include="doc\html2\bsp_traverse.html" />
    <None Include="doc\html2\color.html" />
    <None Include="doc\html2\compile_libtcod.html" />
    <None Include="doc\html2\compile_libtcod_codelite.html" />
    <None Include="doc\html2\compile_libtcod_haiku.html" />
    <None Include="doc\html2\compile_libtcod_linux.html" />
    <None Include="doc\html2\compile_libtcod_mingw.html" />
    <None Include="doc\html2\console.html" />
    <None Include="doc\html2\console_advanced.html" />
    <None Include="doc\html2\console_ascii.html" />
    <None Include="doc\html2\console_bkgnd_flag_t.html" />
    <None Include="doc\html2\console_blocking_input.html" />
    <None Include="doc\html2\console_credits.html" />
    <None Include="doc\html2\console_draw.html" />
    <None Include="doc\html2\console_draw_basic.html" />
    <None Include="doc\html2\console_fading.html" />
    <None Include="doc\html2\console_flush.html" />
    <None Include="doc\html2\console_fullscreen.html" />
    <None Include="doc\html2\console_init.html" />
    <None Include="doc\html2\console_init_root.html" />
    <None Include="doc\html2\console_input.html" />
    <None Include="doc\html2\console_key_t.html" />
    <None Include="doc\html2\console_keyboard_repeat.html" />
    <None Include="doc\html2\console_keycode_t.html" />
    <None Include="doc\html2\console_map.html" />
    <None Include="doc\html2\console_mouse_t.html" />
    <None Include="doc\html2\console_non_blocking_input.html" />
    <None Include="doc\html2\console_offscreen.html" />
    <None Include="doc\html2\console_print.html" />
    <None Include="doc\html2\console_read.html" />
    <None Include="doc\html2\console_set_custom_font.html" />
    <None Include="doc\html2\console_window.html" />
    <None Include="doc\html2\fov.html" />
    <None Include="doc\html2\fov_compute.html" />
    <None Include="doc\html2\fov_get.html" />
    <None Include="doc\html2\fov_init.html" />
    <None Include="doc\html2\heightmap.html" />
    <None Include="doc\html2\heightmap_base.html" />
    <None Include="doc\html2\heightmap_init.html" />
    <None Include="doc\html2\heightmap_modify.html" />
    <None Include="doc\html2\heightmap_read.html" />
    <None Include="doc\html2\image.html" />
    <None Include="doc\html2\image_blit.html" />
    <None Include="doc\html2\image_create.html" />
    <None Include="doc\html2\image_read.html" />
    <None Include="doc\html2\image_save.html" />
    <None Include="doc\html2\image_update.html" />
    <None Include="doc\html\compil\index.html" />
    <None Include="doc\index2.html" />
    <None Include="doc\html2\line.html" />
    <None Include="doc\html\compil\linux.html" />
    <None Include="doc\html2\list.html" />
    <None Include="doc\html2\list_array.html" />
    <None Include="doc\html2\list_create.html" />
    <None Include="doc\html2\list_iterator.html" />
    <None Include="doc\html2\list_list.html" />
    <None Include="doc\html2\list_stack.html" />
    <None Include="doc\html\compil\macosx.html" />
    <None Include="doc\html2\mouse.html" />
    <None Include="doc\html\compil\msys_cb.html" />
    <None Include="doc\html\compil\msys_mingw.html" />
    <None Include="doc\html2\namegen.html" />
    <None Include="doc\html2\namegen_file.html" />
    <None Include="doc\html2\namegen_file_1.html" />
    <None Include="doc\html2\namegen_file_2.html" />
    <None Include="doc\html2\namegen_file_3.html" />
    <None Include="doc\html2\namegen_file_4.html" />
    <None Include="doc\html2\namegen_generate.html" />
    <None Include="doc\html2\namegen_init.html" />
    <None Include="doc\html2\noise.html" />
    <None Include="doc\html2\noise_get.html" />
    <None Include="doc\html2\noise_get_fbm.html" />
    <None Include="doc\html2\noise_get_turbulence.html" />
    <None Include="doc\html2\noise_init.html" />
    <None Include="doc\html2\noise_setType.html" />
    <None Include="doc\html2\parser.html" />
    <None Include="doc\html2\parser_format.html" />
    <None Include="doc\html2\parser_run.html" />
    <None Include="doc\html2\parser_str.html" />
    <None Include="doc\html2\parser_types.html" />
    <None Include="doc\html2\path.html" />
    <None Include="doc\html2\path_compute.html" />
    <None Include="doc\html2\path_init.html" />
    <None Include="doc\html2\path_read.html" />
    <None Include="doc\html2\random.html" />
    <None Include="doc\html2\random_distro.html" />
    <None Include="doc\html2\random_init.html" />
    <None Include="doc\html2\random_use.html" />
    <None Include="doc\html2\system.html" />
    <None Include="doc\html2\system_clipboard.html" />
    <None Include="doc\html2\system_filesystem.html" />
    <None Include="doc\html2\system_misc.html" />
    <None Include="doc\html2\system_screenshots.html" />
    <None Include="doc\html2\system_sdlcbk.html" />
    <None Include="doc\html2\system_time.html" />
    <None Include="doc\html2\zip.html" />
    <None Include="doc\html2\zip_init.html" />
    <None Include="doc\html2\zip_load.html" />
    <None Include="doc\html2\zip_put.html" />
  </ItemGroup>
</Project>